
Microsoft Visual Studio Solution File, Format Version 12.00
# Visual Studio Version 17
VisualStudioVersion = 17.9.34622.214
MinimumVisualStudioVersion = 10.0.40219.1
Project("{FAE04EC0-301F-11D3-BF4B-00C04F79EFBC}") = "ContosoUniversity", "ContosoUniversity\ContosoUniversity.csproj", "{C9CB4C92-5EEA-4160-99DB-BE7DDC60E11B}"
EndProject
Global
	GlobalSection(SolutionConfigurationPlatforms) = preSolution
		Debug|Any CPU = Debug|Any CPU
		Release|Any CPU = Release|Any CPU
	EndGlobalSection
	GlobalSection(ProjectConfigurationPlatforms) = postSolution
		{C9CB4C92-5EEA-4160-99DB-BE7DDC60E11B}.Debug|Any CPU.ActiveCfg = Debug|Any CPU
		{C9CB4C92-5EEA-4160-99DB-BE7DDC60E11B}.Debug|Any CPU.Build.0 = Debug|Any CPU
		{C9CB4C92-5EEA-4160-99DB-BE7DDC60E11B}.Release|Any CPU.ActiveCfg = Release|Any CPU
		{C9CB4C92-5EEA-4160-99DB-BE7DDC60E11B}.Release|Any CPU.Build.0 = Release|Any CPU
	EndGlobalSection
	GlobalSection(SolutionProperties) = preSolution
		HideSolutionNode = FALSE
	EndGlobalSection
	GlobalSection(ExtensibilityGlobals) = postSolution
		SolutionGuid = {0E251969-1B0F-4890-8D40-D669A90A69E6}
	EndGlobalSection
EndGlobal
